// !$*UTF8*$!
{
	archiveVersion = 1;
	classes = {
	};
	objectVersion = 55;
	objects = {

/* Begin PBXBuildFile section */
		2053980F285B798700A63326 /* FoodSetting.swift in Sources */ = {isa = PBXBuildFile; fileRef = 2053980E285B798700A63326 /* FoodSetting.swift */; };
		20539812285B7C9400A63326 /* TextTrailingButton.swift in Sources */ = {isa = PBXBuildFile; fileRef = 20539811285B7C9400A63326 /* TextTrailingButton.swift */; };
		20539816285B7DB400A63326 /* AddFood.swift in Sources */ = {isa = PBXBuildFile; fileRef = 20539815285B7DB400A63326 /* AddFood.swift */; };
		20539819285B7E1700A63326 /* RUIFilledTextField.swift in Sources */ = {isa = PBXBuildFile; fileRef = 20539818285B7E1700A63326 /* RUIFilledTextField.swift */; };
		2053981C285B7F2B00A63326 /* TextTextField.swift in Sources */ = {isa = PBXBuildFile; fileRef = 2053981B285B7F2B00A63326 /* TextTextField.swift */; };
		2053981E285B7FDE00A63326 /* RUIRoundedCornerTextButton.swift in Sources */ = {isa = PBXBuildFile; fileRef = 2053981D285B7FDE00A63326 /* RUIRoundedCornerTextButton.swift */; };
		2056F5B5286210DF00C11D16 /* Cashier.swift in Sources */ = {isa = PBXBuildFile; fileRef = 2056F5B4286210DF00C11D16 /* Cashier.swift */; };
		2066E96C2859CC6A00097607 /* CashierApp.swift in Sources */ = {isa = PBXBuildFile; fileRef = 2066E96B2859CC6A00097607 /* CashierApp.swift */; };
		2066E96E2859CC6A00097607 /* ContentView.swift in Sources */ = {isa = PBXBuildFile; fileRef = 2066E96D2859CC6A00097607 /* ContentView.swift */; };
		2066E9702859CC6A00097607 /* Assets.xcassets in Resources */ = {isa = PBXBuildFile; fileRef = 2066E96F2859CC6A00097607 /* Assets.xcassets */; };
		2066E9732859CC6A00097607 /* Preview Assets.xcassets in Resources */ = {isa = PBXBuildFile; fileRef = 2066E9722859CC6A00097607 /* Preview Assets.xcassets */; };
		2066E9752859CC6A00097607 /* Persistence.swift in Sources */ = {isa = PBXBuildFile; fileRef = 2066E9742859CC6A00097607 /* Persistence.swift */; };
		2066E9782859CC6A00097607 /* Cashier.xcdatamodeld in Sources */ = {isa = PBXBuildFile; fileRef = 2066E9762859CC6A00097607 /* Cashier.xcdatamodeld */; };
		2066E9812859D06A00097607 /* Main.swift in Sources */ = {isa = PBXBuildFile; fileRef = 2066E9802859D06A00097607 /* Main.swift */; };
		2066E9842859D94800097607 /* AddOnItem.swift in Sources */ = {isa = PBXBuildFile; fileRef = 2066E9832859D94800097607 /* AddOnItem.swift */; };
		2066E9862859D9A200097607 /* Food.swift in Sources */ = {isa = PBXBuildFile; fileRef = 2066E9852859D9A200097607 /* Food.swift */; };
		2066E9882859D9ED00097607 /* Order.swift in Sources */ = {isa = PBXBuildFile; fileRef = 2066E9872859D9ED00097607 /* Order.swift */; };
		2066E98D2859DCAD00097607 /* EarningSummary.swift in Sources */ = {isa = PBXBuildFile; fileRef = 2066E98C2859DCAD00097607 /* EarningSummary.swift */; };
		2089AD5B285F625C0006E05E /* FoodDetails.swift in Sources */ = {isa = PBXBuildFile; fileRef = 2089AD5A285F625C0006E05E /* FoodDetails.swift */; };
		20A2372F285CD5ED004D7301 /* GoogleService-Info.plist in Resources */ = {isa = PBXBuildFile; fileRef = 20A2372E285CD5ED004D7301 /* GoogleService-Info.plist */; };
		20A23732285CD652004D7301 /* FirebaseAuth in Frameworks */ = {isa = PBXBuildFile; productRef = 20A23731285CD652004D7301 /* FirebaseAuth */; };
		20A23734285CD652004D7301 /* FirebaseFirestore in Frameworks */ = {isa = PBXBuildFile; productRef = 20A23733285CD652004D7301 /* FirebaseFirestore */; };
		20A23737285CD6B0004D7301 /* AppDelegate.swift in Sources */ = {isa = PBXBuildFile; fileRef = 20A23736285CD6B0004D7301 /* AppDelegate.swift */; };
		20A23739285CD7E0004D7301 /* FirestoreReference.swift in Sources */ = {isa = PBXBuildFile; fileRef = 20A23738285CD7E0004D7301 /* FirestoreReference.swift */; };
		20A2373B285CD8D6004D7301 /* FoodSettingViewModel.swift in Sources */ = {isa = PBXBuildFile; fileRef = 20A2373A285CD8D6004D7301 /* FoodSettingViewModel.swift */; };
/* End PBXBuildFile section */

/* Begin PBXFileReference section */
		2053980E285B798700A63326 /* FoodSetting.swift */ = {isa = PBXFileReference; lastKnownFileType = sourcecode.swift; path = FoodSetting.swift; sourceTree = "<group>"; };
		20539811285B7C9400A63326 /* TextTrailingButton.swift */ = {isa = PBXFileReference; lastKnownFileType = sourcecode.swift; path = TextTrailingButton.swift; sourceTree = "<group>"; };
		20539815285B7DB400A63326 /* AddFood.swift */ = {isa = PBXFileReference; lastKnownFileType = sourcecode.swift; path = AddFood.swift; sourceTree = "<group>"; };
		20539818285B7E1700A63326 /* RUIFilledTextField.swift */ = {isa = PBXFileReference; lastKnownFileType = sourcecode.swift; path = RUIFilledTextField.swift; sourceTree = "<group>"; };
		2053981B285B7F2B00A63326 /* TextTextField.swift */ = {isa = PBXFileReference; lastKnownFileType = sourcecode.swift; path = TextTextField.swift; sourceTree = "<group>"; };
		2053981D285B7FDE00A63326 /* RUIRoundedCornerTextButton.swift */ = {isa = PBXFileReference; lastKnownFileType = sourcecode.swift; path = RUIRoundedCornerTextButton.swift; sourceTree = "<group>"; };
		2056F5B4286210DF00C11D16 /* Cashier.swift */ = {isa = PBXFileReference; lastKnownFileType = sourcecode.swift; path = Cashier.swift; sourceTree = "<group>"; };
		2066E9682859CC6A00097607 /* Cashier.app */ = {isa = PBXFileReference; explicitFileType = wrapper.application; includeInIndex = 0; path = Cashier.app; sourceTree = BUILT_PRODUCTS_DIR; };
		2066E96B2859CC6A00097607 /* CashierApp.swift */ = {isa = PBXFileReference; lastKnownFileType = sourcecode.swift; path = CashierApp.swift; sourceTree = "<group>"; };
		2066E96D2859CC6A00097607 /* ContentView.swift */ = {isa = PBXFileReference; lastKnownFileType = sourcecode.swift; path = ContentView.swift; sourceTree = "<group>"; };
		2066E96F2859CC6A00097607 /* Assets.xcassets */ = {isa = PBXFileReference; lastKnownFileType = folder.assetcatalog; path = Assets.xcassets; sourceTree = "<group>"; };
		2066E9722859CC6A00097607 /* Preview Assets.xcassets */ = {isa = PBXFileReference; lastKnownFileType = folder.assetcatalog; path = "Preview Assets.xcassets"; sourceTree = "<group>"; };
		2066E9742859CC6A00097607 /* Persistence.swift */ = {isa = PBXFileReference; lastKnownFileType = sourcecode.swift; path = Persistence.swift; sourceTree = "<group>"; };
		2066E9772859CC6A00097607 /* Cashier.xcdatamodel */ = {isa = PBXFileReference; lastKnownFileType = wrapper.xcdatamodel; path = Cashier.xcdatamodel; sourceTree = "<group>"; };
		2066E9802859D06A00097607 /* Main.swift */ = {isa = PBXFileReference; lastKnownFileType = sourcecode.swift; path = Main.swift; sourceTree = "<group>"; };
		2066E9832859D94800097607 /* AddOnItem.swift */ = {isa = PBXFileReference; lastKnownFileType = sourcecode.swift; path = AddOnItem.swift; sourceTree = "<group>"; };
		2066E9852859D9A200097607 /* Food.swift */ = {isa = PBXFileReference; lastKnownFileType = sourcecode.swift; path = Food.swift; sourceTree = "<group>"; };
		2066E9872859D9ED00097607 /* Order.swift */ = {isa = PBXFileReference; lastKnownFileType = sourcecode.swift; path = Order.swift; sourceTree = "<group>"; };
		2066E98C2859DCAD00097607 /* EarningSummary.swift */ = {isa = PBXFileReference; lastKnownFileType = sourcecode.swift; path = EarningSummary.swift; sourceTree = "<group>"; };
		2089AD5A285F625C0006E05E /* FoodDetails.swift */ = {isa = PBXFileReference; lastKnownFileType = sourcecode.swift; path = FoodDetails.swift; sourceTree = "<group>"; };
		20A2372E285CD5ED004D7301 /* GoogleService-Info.plist */ = {isa = PBXFileReference; fileEncoding = 4; lastKnownFileType = text.plist.xml; path = "GoogleService-Info.plist"; sourceTree = "<group>"; };
		20A23736285CD6B0004D7301 /* AppDelegate.swift */ = {isa = PBXFileReference; lastKnownFileType = sourcecode.swift; path = AppDelegate.swift; sourceTree = "<group>"; };
		20A23738285CD7E0004D7301 /* FirestoreReference.swift */ = {isa = PBXFileReference; lastKnownFileType = sourcecode.swift; path = FirestoreReference.swift; sourceTree = "<group>"; };
		20A2373A285CD8D6004D7301 /* FoodSettingViewModel.swift */ = {isa = PBXFileReference; lastKnownFileType = sourcecode.swift; path = FoodSettingViewModel.swift; sourceTree = "<group>"; };
/* End PBXFileReference section */

/* Begin PBXFrameworksBuildPhase section */
		2066E9652859CC6A00097607 /* Frameworks */ = {
			isa = PBXFrameworksBuildPhase;
			buildActionMask = 2147483647;
			files = (
				20A23732285CD652004D7301 /* FirebaseAuth in Frameworks */,
				20A23734285CD652004D7301 /* FirebaseFirestore in Frameworks */,
			);
			runOnlyForDeploymentPostprocessing = 0;
		};
/* End PBXFrameworksBuildPhase section */

/* Begin PBXGroup section */
		2053980D285B797300A63326 /* FoodSetting */ = {
			isa = PBXGroup;
			children = (
				20539810285B7C7F00A63326 /* View */,
				2053980E285B798700A63326 /* FoodSetting.swift */,
				20A2373A285CD8D6004D7301 /* FoodSettingViewModel.swift */,
			);
			path = FoodSetting;
			sourceTree = "<group>";
		};
		20539810285B7C7F00A63326 /* View */ = {
			isa = PBXGroup;
			children = (
				20539811285B7C9400A63326 /* TextTrailingButton.swift */,
				2089AD5A285F625C0006E05E /* FoodDetails.swift */,
			);
			path = View;
			sourceTree = "<group>";
		};
		20539814285B7DA600A63326 /* AddFood */ = {
			isa = PBXGroup;
			children = (
				20539815285B7DB400A63326 /* AddFood.swift */,
			);
			path = AddFood;
			sourceTree = "<group>";
		};
		20539817285B7DF600A63326 /* RUI */ = {
			isa = PBXGroup;
			children = (
				20539818285B7E1700A63326 /* RUIFilledTextField.swift */,
				2053981D285B7FDE00A63326 /* RUIRoundedCornerTextButton.swift */,
			);
			path = RUI;
			sourceTree = "<group>";
		};
		2056F5B3286210BC00C11D16 /* Cashier */ = {
			isa = PBXGroup;
			children = (
				2056F5B4286210DF00C11D16 /* Cashier.swift */,
			);
			path = Cashier;
			sourceTree = "<group>";
		};
		2056F5B62862130800C11D16 /* SharedView */ = {
			isa = PBXGroup;
			children = (
				2053981B285B7F2B00A63326 /* TextTextField.swift */,
			);
			path = SharedView;
			sourceTree = "<group>";
		};
		2066E95F2859CC6A00097607 = {
			isa = PBXGroup;
			children = (
				2066E96A2859CC6A00097607 /* Cashier */,
				2066E9692859CC6A00097607 /* Products */,
			);
			sourceTree = "<group>";
		};
		2066E9692859CC6A00097607 /* Products */ = {
			isa = PBXGroup;
			children = (
				2066E9682859CC6A00097607 /* Cashier.app */,
			);
			name = Products;
			sourceTree = "<group>";
		};
		2066E96A2859CC6A00097607 /* Cashier */ = {
			isa = PBXGroup;
			children = (
				20A23735285CD6A3004D7301 /* Helper */,
				20539817285B7DF600A63326 /* RUI */,
				2066E97F2859D03000097607 /* API */,
				2066E9822859D92E00097607 /* Model Facade */,
				2066E97E2859D02800097607 /* Screen */,
				2066E96B2859CC6A00097607 /* CashierApp.swift */,
				2066E96F2859CC6A00097607 /* Assets.xcassets */,
				2066E9762859CC6A00097607 /* Cashier.xcdatamodeld */,
				20A2372E285CD5ED004D7301 /* GoogleService-Info.plist */,
				2066E9712859CC6A00097607 /* Preview Content */,
			);
			path = Cashier;
			sourceTree = "<group>";
		};
		2066E9712859CC6A00097607 /* Preview Content */ = {
			isa = PBXGroup;
			children = (
				2066E9722859CC6A00097607 /* Preview Assets.xcassets */,
			);
			path = "Preview Content";
			sourceTree = "<group>";
		};
		2066E97E2859D02800097607 /* Screen */ = {
			isa = PBXGroup;
			children = (
				2056F5B62862130800C11D16 /* SharedView */,
				2056F5B3286210BC00C11D16 /* Cashier */,
				20539814285B7DA600A63326 /* AddFood */,
				2053980D285B797300A63326 /* FoodSetting */,
				2066E98A2859DC6D00097607 /* Home */,
				2066E9802859D06A00097607 /* Main.swift */,
			);
			path = Screen;
			sourceTree = "<group>";
		};
		2066E97F2859D03000097607 /* API */ = {
			isa = PBXGroup;
			children = (
				2066E96D2859CC6A00097607 /* ContentView.swift */,
				2066E9742859CC6A00097607 /* Persistence.swift */,
			);
			path = API;
			sourceTree = "<group>";
		};
		2066E9822859D92E00097607 /* Model Facade */ = {
			isa = PBXGroup;
			children = (
				2066E9892859DA3D00097607 /* OrderFacade */,
				2066E98C2859DCAD00097607 /* EarningSummary.swift */,
			);
			path = "Model Facade";
			sourceTree = "<group>";
		};
		2066E9892859DA3D00097607 /* OrderFacade */ = {
			isa = PBXGroup;
			children = (
				2066E9832859D94800097607 /* AddOnItem.swift */,
				2066E9852859D9A200097607 /* Food.swift */,
				2066E9872859D9ED00097607 /* Order.swift */,
			);
			path = OrderFacade;
			sourceTree = "<group>";
		};
		2066E98A2859DC6D00097607 /* Home */ = {
			isa = PBXGroup;
			children = (
			);
			path = Home;
			sourceTree = "<group>";
		};
		20A23735285CD6A3004D7301 /* Helper */ = {
			isa = PBXGroup;
			children = (
				20A23736285CD6B0004D7301 /* AppDelegate.swift */,
				20A23738285CD7E0004D7301 /* FirestoreReference.swift */,
			);
			path = Helper;
			sourceTree = "<group>";
		};
/* End PBXGroup section */

/* Begin PBXNativeTarget section */
		2066E9672859CC6A00097607 /* Cashier */ = {
			isa = PBXNativeTarget;
			buildConfigurationList = 2066E97B2859CC6A00097607 /* Build configuration list for PBXNativeTarget "Cashier" */;
			buildPhases = (
				2066E9642859CC6A00097607 /* Sources */,
				2066E9652859CC6A00097607 /* Frameworks */,
				2066E9662859CC6A00097607 /* Resources */,
			);
			buildRules = (
			);
			dependencies = (
			);
			name = Cashier;
			packageProductDependencies = (
				20A23731285CD652004D7301 /* FirebaseAuth */,
				20A23733285CD652004D7301 /* FirebaseFirestore */,
			);
			productName = Cashier;
			productReference = 2066E9682859CC6A00097607 /* Cashier.app */;
			productType = "com.apple.product-type.application";
		};
/* End PBXNativeTarget section */

/* Begin PBXProject section */
		2066E9602859CC6A00097607 /* Project object */ = {
			isa = PBXProject;
			attributes = {
				BuildIndependentTargetsInParallel = 1;
				LastSwiftUpdateCheck = 1340;
				LastUpgradeCheck = 1340;
				TargetAttributes = {
					2066E9672859CC6A00097607 = {
						CreatedOnToolsVersion = 13.4.1;
					};
				};
			};
			buildConfigurationList = 2066E9632859CC6A00097607 /* Build configuration list for PBXProject "Cashier" */;
			compatibilityVersion = "Xcode 13.0";
			developmentRegion = en;
			hasScannedForEncodings = 0;
			knownRegions = (
				en,
				Base,
			);
			mainGroup = 2066E95F2859CC6A00097607;
			packageReferences = (
				20A23730285CD652004D7301 /* XCRemoteSwiftPackageReference "firebase-ios-sdk" */,
			);
			productRefGroup = 2066E9692859CC6A00097607 /* Products */;
			projectDirPath = "";
			projectRoot = "";
			targets = (
				2066E9672859CC6A00097607 /* Cashier */,
			);
		};
/* End PBXProject section */

/* Begin PBXResourcesBuildPhase section */
		2066E9662859CC6A00097607 /* Resources */ = {
			isa = PBXResourcesBuildPhase;
			buildActionMask = 2147483647;
			files = (
				2066E9732859CC6A00097607 /* Preview Assets.xcassets in Resources */,
				2066E9702859CC6A00097607 /* Assets.xcassets in Resources */,
				20A2372F285CD5ED004D7301 /* GoogleService-Info.plist in Resources */,
			);
			runOnlyForDeploymentPostprocessing = 0;
		};
/* End PBXResourcesBuildPhase section */

/* Begin PBXSourcesBuildPhase section */
		2066E9642859CC6A00097607 /* Sources */ = {
			isa = PBXSourcesBuildPhase;
			buildActionMask = 2147483647;
			files = (
				2066E9862859D9A200097607 /* Food.swift in Sources */,
				20A2373B285CD8D6004D7301 /* FoodSettingViewModel.swift in Sources */,
				20A23739285CD7E0004D7301 /* FirestoreReference.swift in Sources */,
				2056F5B5286210DF00C11D16 /* Cashier.swift in Sources */,
				2053981E285B7FDE00A63326 /* RUIRoundedCornerTextButton.swift in Sources */,
				20539816285B7DB400A63326 /* AddFood.swift in Sources */,
				2066E9812859D06A00097607 /* Main.swift in Sources */,
				2066E9882859D9ED00097607 /* Order.swift in Sources */,
				2066E9752859CC6A00097607 /* Persistence.swift in Sources */,
				2066E96E2859CC6A00097607 /* ContentView.swift in Sources */,
				2066E96C2859CC6A00097607 /* CashierApp.swift in Sources */,
				2089AD5B285F625C0006E05E /* FoodDetails.swift in Sources */,
				20A23737285CD6B0004D7301 /* AppDelegate.swift in Sources */,
				2053980F285B798700A63326 /* FoodSetting.swift in Sources */,
				20539819285B7E1700A63326 /* RUIFilledTextField.swift in Sources */,
				2066E9842859D94800097607 /* AddOnItem.swift in Sources */,
				2066E98D2859DCAD00097607 /* EarningSummary.swift in Sources */,
				2066E9782859CC6A00097607 /* Cashier.xcdatamodeld in Sources */,
				2053981C285B7F2B00A63326 /* TextTextField.swift in Sources */,
				20539812285B7C9400A63326 /* TextTrailingButton.swift in Sources */,
			);
			runOnlyForDeploymentPostprocessing = 0;
		};
/* End PBXSourcesBuildPhase section */

/* Begin XCBuildConfiguration section */
		2066E9792859CC6A00097607 /* Debug */ = {
			isa = XCBuildConfiguration;
			buildSettings = {
				ALWAYS_SEARCH_USER_PATHS = NO;
				CLANG_ANALYZER_NONNULL = YES;
				CLANG_ANALYZER_NUMBER_OBJECT_CONVERSION = YES_AGGRESSIVE;
				CLANG_CXX_LANGUAGE_STANDARD = "gnu++17";
				CLANG_ENABLE_MODULES = YES;
				CLANG_ENABLE_OBJC_ARC = YES;
				CLANG_ENABLE_OBJC_WEAK = YES;
				CLANG_WARN_BLOCK_CAPTURE_AUTORELEASING = YES;
				CLANG_WARN_BOOL_CONVERSION = YES;
				CLANG_WARN_COMMA = YES;
				CLANG_WARN_CONSTANT_CONVERSION = YES;
				CLANG_WARN_DEPRECATED_OBJC_IMPLEMENTATIONS = YES;
				CLANG_WARN_DIRECT_OBJC_ISA_USAGE = YES_ERROR;
				CLANG_WARN_DOCUMENTATION_COMMENTS = YES;
				CLANG_WARN_EMPTY_BODY = YES;
				CLANG_WARN_ENUM_CONVERSION = YES;
				CLANG_WARN_INFINITE_RECURSION = YES;
				CLANG_WARN_INT_CONVERSION = YES;
				CLANG_WARN_NON_LITERAL_NULL_CONVERSION = YES;
				CLANG_WARN_OBJC_IMPLICIT_RETAIN_SELF = YES;
				CLANG_WARN_OBJC_LITERAL_CONVERSION = YES;
				CLANG_WARN_OBJC_ROOT_CLASS = YES_ERROR;
				CLANG_WARN_QUOTED_INCLUDE_IN_FRAMEWORK_HEADER = YES;
				CLANG_WARN_RANGE_LOOP_ANALYSIS = YES;
				CLANG_WARN_STRICT_PROTOTYPES = YES;
				CLANG_WARN_SUSPICIOUS_MOVE = YES;
				CLANG_WARN_UNGUARDED_AVAILABILITY = YES_AGGRESSIVE;
				CLANG_WARN_UNREACHABLE_CODE = YES;
				CLANG_WARN__DUPLICATE_METHOD_MATCH = YES;
				COPY_PHASE_STRIP = NO;
				DEBUG_INFORMATION_FORMAT = dwarf;
				ENABLE_STRICT_OBJC_MSGSEND = YES;
				ENABLE_TESTABILITY = YES;
				GCC_C_LANGUAGE_STANDARD = gnu11;
				GCC_DYNAMIC_NO_PIC = NO;
				GCC_NO_COMMON_BLOCKS = YES;
				GCC_OPTIMIZATION_LEVEL = 0;
				GCC_PREPROCESSOR_DEFINITIONS = (
					"DEBUG=1",
					"$(inherited)",
				);
				GCC_WARN_64_TO_32_BIT_CONVERSION = YES;
				GCC_WARN_ABOUT_RETURN_TYPE = YES_ERROR;
				GCC_WARN_UNDECLARED_SELECTOR = YES;
				GCC_WARN_UNINITIALIZED_AUTOS = YES_AGGRESSIVE;
				GCC_WARN_UNUSED_FUNCTION = YES;
				GCC_WARN_UNUSED_VARIABLE = YES;
				IPHONEOS_DEPLOYMENT_TARGET = 15.5;
				MTL_ENABLE_DEBUG_INFO = INCLUDE_SOURCE;
				MTL_FAST_MATH = YES;
				ONLY_ACTIVE_ARCH = YES;
				SDKROOT = iphoneos;
				SWIFT_ACTIVE_COMPILATION_CONDITIONS = DEBUG;
				SWIFT_OPTIMIZATION_LEVEL = "-Onone";
			};
			name = Debug;
		};
		2066E97A2859CC6A00097607 /* Release */ = {
			isa = XCBuildConfiguration;
			buildSettings = {
				ALWAYS_SEARCH_USER_PATHS = NO;
				CLANG_ANALYZER_NONNULL = YES;
				CLANG_ANALYZER_NUMBER_OBJECT_CONVERSION = YES_AGGRESSIVE;
				CLANG_CXX_LANGUAGE_STANDARD = "gnu++17";
				CLANG_ENABLE_MODULES = YES;
				CLANG_ENABLE_OBJC_ARC = YES;
				CLANG_ENABLE_OBJC_WEAK = YES;
				CLANG_WARN_BLOCK_CAPTURE_AUTORELEASING = YES;
				CLANG_WARN_BOOL_CONVERSION = YES;
				CLANG_WARN_COMMA = YES;
				CLANG_WARN_CONSTANT_CONVERSION = YES;
				CLANG_WARN_DEPRECATED_OBJC_IMPLEMENTATIONS = YES;
				CLANG_WARN_DIRECT_OBJC_ISA_USAGE = YES_ERROR;
				CLANG_WARN_DOCUMENTATION_COMMENTS = YES;
				CLANG_WARN_EMPTY_BODY = YES;
				CLANG_WARN_ENUM_CONVERSION = YES;
				CLANG_WARN_INFINITE_RECURSION = YES;
				CLANG_WARN_INT_CONVERSION = YES;
				CLANG_WARN_NON_LITERAL_NULL_CONVERSION = YES;
				CLANG_WARN_OBJC_IMPLICIT_RETAIN_SELF = YES;
				CLANG_WARN_OBJC_LITERAL_CONVERSION = YES;
				CLANG_WARN_OBJC_ROOT_CLASS = YES_ERROR;
				CLANG_WARN_QUOTED_INCLUDE_IN_FRAMEWORK_HEADER = YES;
				CLANG_WARN_RANGE_LOOP_ANALYSIS = YES;
				CLANG_WARN_STRICT_PROTOTYPES = YES;
				CLANG_WARN_SUSPICIOUS_MOVE = YES;
				CLANG_WARN_UNGUARDED_AVAILABILITY = YES_AGGRESSIVE;
				CLANG_WARN_UNREACHABLE_CODE = YES;
				CLANG_WARN__DUPLICATE_METHOD_MATCH = YES;
				COPY_PHASE_STRIP = NO;
				DEBUG_INFORMATION_FORMAT = "dwarf-with-dsym";
				ENABLE_NS_ASSERTIONS = NO;
				ENABLE_STRICT_OBJC_MSGSEND = YES;
				GCC_C_LANGUAGE_STANDARD = gnu11;
				GCC_NO_COMMON_BLOCKS = YES;
				GCC_WARN_64_TO_32_BIT_CONVERSION = YES;
				GCC_WARN_ABOUT_RETURN_TYPE = YES_ERROR;
				GCC_WARN_UNDECLARED_SELECTOR = YES;
				GCC_WARN_UNINITIALIZED_AUTOS = YES_AGGRESSIVE;
				GCC_WARN_UNUSED_FUNCTION = YES;
				GCC_WARN_UNUSED_VARIABLE = YES;
				IPHONEOS_DEPLOYMENT_TARGET = 15.5;
				MTL_ENABLE_DEBUG_INFO = NO;
				MTL_FAST_MATH = YES;
				SDKROOT = iphoneos;
				SWIFT_COMPILATION_MODE = wholemodule;
				SWIFT_OPTIMIZATION_LEVEL = "-O";
				VALIDATE_PRODUCT = YES;
			};
			name = Release;
		};
		2066E97C2859CC6A00097607 /* Debug */ = {
			isa = XCBuildConfiguration;
			buildSettings = {
				ASSETCATALOG_COMPILER_APPICON_NAME = AppIcon;
				ASSETCATALOG_COMPILER_GLOBAL_ACCENT_COLOR_NAME = AccentColor;
				CODE_SIGN_STYLE = Automatic;
				CURRENT_PROJECT_VERSION = 1;
				DEVELOPMENT_ASSET_PATHS = "\"Cashier/Preview Content\"";
				DEVELOPMENT_TEAM = RW9GMW82XW;
				ENABLE_PREVIEWS = YES;
				GENERATE_INFOPLIST_FILE = YES;
				INFOPLIST_KEY_UIApplicationSceneManifest_Generation = YES;
				INFOPLIST_KEY_UIApplicationSupportsIndirectInputEvents = YES;
				INFOPLIST_KEY_UILaunchScreen_Generation = YES;
				INFOPLIST_KEY_UISupportedInterfaceOrientations_iPad = "UIInterfaceOrientationPortrait UIInterfaceOrientationPortraitUpsideDown UIInterfaceOrientationLandscapeLeft UIInterfaceOrientationLandscapeRight";
				INFOPLIST_KEY_UISupportedInterfaceOrientations_iPhone = "UIInterfaceOrientationPortrait UIInterfaceOrientationLandscapeLeft UIInterfaceOrientationLandscapeRight";
				LD_RUNPATH_SEARCH_PATHS = (
					"$(inherited)",
					"@executable_path/Frameworks",
				);
				MARKETING_VERSION = 1.0;
				PRODUCT_BUNDLE_IDENTIFIER = com.weschua.KeensCashier;
				PRODUCT_NAME = "$(TARGET_NAME)";
				SWIFT_EMIT_LOC_STRINGS = YES;
				SWIFT_VERSION = 5.0;
				TARGETED_DEVICE_FAMILY = "1,2";
			};
			name = Debug;
		};
		2066E97D2859CC6A00097607 /* Release */ = {
			isa = XCBuildConfiguration;
			buildSettings = {
				ASSETCATALOG_COMPILER_APPICON_NAME = AppIcon;
				ASSETCATALOG_COMPILER_GLOBAL_ACCENT_COLOR_NAME = AccentColor;
				CODE_SIGN_STYLE = Automatic;
				CURRENT_PROJECT_VERSION = 1;
				DEVELOPMENT_ASSET_PATHS = "\"Cashier/Preview Content\"";
				DEVELOPMENT_TEAM = RW9GMW82XW;
				ENABLE_PREVIEWS = YES;
				GENERATE_INFOPLIST_FILE = YES;
				INFOPLIST_KEY_UIApplicationSceneManifest_Generation = YES;
				INFOPLIST_KEY_UIApplicationSupportsIndirectInputEvents = YES;
				INFOPLIST_KEY_UILaunchScreen_Generation = YES;
				INFOPLIST_KEY_UISupportedInterfaceOrientations_iPad = "UIInterfaceOrientationPortrait UIInterfaceOrientationPortraitUpsideDown UIInterfaceOrientationLandscapeLeft UIInterfaceOrientationLandscapeRight";
				INFOPLIST_KEY_UISupportedInterfaceOrientations_iPhone = "UIInterfaceOrientationPortrait UIInterfaceOrientationLandscapeLeft UIInterfaceOrientationLandscapeRight";
				LD_RUNPATH_SEARCH_PATHS = (
					"$(inherited)",
					"@executable_path/Frameworks",
				);
				MARKETING_VERSION = 1.0;
				PRODUCT_BUNDLE_IDENTIFIER = com.weschua.KeensCashier;
				PRODUCT_NAME = "$(TARGET_NAME)";
				SWIFT_EMIT_LOC_STRINGS = YES;
				SWIFT_VERSION = 5.0;
				TARGETED_DEVICE_FAMILY = "1,2";
			};
			name = Release;
		};
/* End XCBuildConfiguration section */

/* Begin XCConfigurationList section */
		2066E9632859CC6A00097607 /* Build configuration list for PBXProject "Cashier" */ = {
			isa = XCConfigurationList;
			buildConfigurations = (
				2066E9792859CC6A00097607 /* Debug */,
				2066E97A2859CC6A00097607 /* Release */,
			);
			defaultConfigurationIsVisible = 0;
			defaultConfigurationName = Release;
		};
		2066E97B2859CC6A00097607 /* Build configuration list for PBXNativeTarget "Cashier" */ = {
			isa = XCConfigurationList;
			buildConfigurations = (
				2066E97C2859CC6A00097607 /* Debug */,
				2066E97D2859CC6A00097607 /* Release */,
			);
			defaultConfigurationIsVisible = 0;
			defaultConfigurationName = Release;
		};
/* End XCConfigurationList section */

/* Begin XCRemoteSwiftPackageReference section */
		20A23730285CD652004D7301 /* XCRemoteSwiftPackageReference "firebase-ios-sdk" */ = {
			isa = XCRemoteSwiftPackageReference;
			repositoryURL = "https://github.com/firebase/firebase-ios-sdk";
			requirement = {
				branch = master;
				kind = branch;
			};
		};
/* End XCRemoteSwiftPackageReference section */

/* Begin XCSwiftPackageProductDependency section */
		20A23731285CD652004D7301 /* FirebaseAuth */ = {
			isa = XCSwiftPackageProductDependency;
			package = 20A23730285CD652004D7301 /* XCRemoteSwiftPackageReference "firebase-ios-sdk" */;
			productName = FirebaseAuth;
		};
		20A23733285CD652004D7301 /* FirebaseFirestore */ = {
			isa = XCSwiftPackageProductDependency;
			package = 20A23730285CD652004D7301 /* XCRemoteSwiftPackageReference "firebase-ios-sdk" */;
			productName = FirebaseFirestore;
		};
/* End XCSwiftPackageProductDependency section */

/* Begin XCVersionGroup section */
		2066E9762859CC6A00097607 /* Cashier.xcdatamodeld */ = {
			isa = XCVersionGroup;
			children = (
				2066E9772859CC6A00097607 /* Cashier.xcdatamodel */,
			);
			currentVersion = 2066E9772859CC6A00097607 /* Cashier.xcdatamodel */;
			path = Cashier.xcdatamodeld;
			sourceTree = "<group>";
			versionGroupType = wrapper.xcdatamodel;
		};
/* End XCVersionGroup section */
	};
	rootObject = 2066E9602859CC6A00097607 /* Project object */;
}
